
Microsoft Visual Studio Solution File, Format Version 12.00
# Visual Studio Version 17
VisualStudioVersion = 17.1.32319.34
MinimumVisualStudioVersion = 10.0.40219.1
Project("{9A19103F-16F7-4668-BE54-9A1E7A4F7556}") = "2048_Clone", "2048_Clone.csproj", "{22E95034-E6E0-48B0-AC6C-E7A6CABC352D}"
EndProject
Project("{2150E333-8FDC-42A3-9474-1A3956D46DE8}") = "Solution Items", "Solution Items", "{D198B9D4-D30B-4F8F-92E2-72F6BA956BF0}"
	ProjectSection(SolutionItems) = preProject
		LICENSE.txt = LICENSE.txt
	EndProjectSection
EndProject
Global
	GlobalSection(SolutionConfigurationPlatforms) = preSolution
		Debug|Any CPU = Debug|Any CPU
		Release|Any CPU = Release|Any CPU
	EndGlobalSection
	GlobalSection(ProjectConfigurationPlatforms) = postSolution
		{22E95034-E6E0-48B0-AC6C-E7A6CABC352D}.Debug|Any CPU.ActiveCfg = Debug|Any CPU
		{22E95034-E6E0-48B0-AC6C-E7A6CABC352D}.Debug|Any CPU.Build.0 = Debug|Any CPU
		{22E95034-E6E0-48B0-AC6C-E7A6CABC352D}.Release|Any CPU.ActiveCfg = Release|Any CPU
		{22E95034-E6E0-48B0-AC6C-E7A6CABC352D}.Release|Any CPU.Build.0 = Release|Any CPU
	EndGlobalSection
	GlobalSection(SolutionProperties) = preSolution
		HideSolutionNode = FALSE
	EndGlobalSection
	GlobalSection(ExtensibilityGlobals) = postSolution
		SolutionGuid = {0E81617A-0E0B-4CEF-B2D4-AEAC8C4C93A2}
	EndGlobalSection
EndGlobal
