
Microsoft Visual Studio Solution File, Format Version 12.00
# Visual Studio Version 17
VisualStudioVersion = 17.5.002.0
MinimumVisualStudioVersion = 10.0.40219.1
Project("{9A19103F-16F7-4668-BE54-9A1E7A4F7556}") = "freescan", "freescan.csproj", "{2A13D3BE-E17A-47A9-9809-28759CBC4A1E}"
EndProject
Global
	GlobalSection(SolutionConfigurationPlatforms) = preSolution
		Debug|Any CPU = Debug|Any CPU
		Release|Any CPU = Release|Any CPU
	EndGlobalSection
	GlobalSection(ProjectConfigurationPlatforms) = postSolution
		{2A13D3BE-E17A-47A9-9809-28759CBC4A1E}.Debug|Any CPU.ActiveCfg = Debug|Any CPU
		{2A13D3BE-E17A-47A9-9809-28759CBC4A1E}.Debug|Any CPU.Build.0 = Debug|Any CPU
		{2A13D3BE-E17A-47A9-9809-28759CBC4A1E}.Release|Any CPU.ActiveCfg = Release|Any CPU
		{2A13D3BE-E17A-47A9-9809-28759CBC4A1E}.Release|Any CPU.Build.0 = Release|Any CPU
	EndGlobalSection
	GlobalSection(SolutionProperties) = preSolution
		HideSolutionNode = FALSE
	EndGlobalSection
	GlobalSection(ExtensibilityGlobals) = postSolution
		SolutionGuid = {16B6CC1D-3EE8-4933-A287-C0DC19467D0C}
	EndGlobalSection
EndGlobal
