
Microsoft Visual Studio Solution File, Format Version 12.00
# Visual Studio Version 17
VisualStudioVersion = 17.5.002.0
MinimumVisualStudioVersion = 10.0.40219.1
Project("{9A19103F-16F7-4668-BE54-9A1E7A4F7556}") = "fschecker", "fschecker.csproj", "{16080AD6-DB1F-42C3-8EE9-7BAA7BD0ABEE}"
EndProject
Global
	GlobalSection(SolutionConfigurationPlatforms) = preSolution
		Debug|Any CPU = Debug|Any CPU
		Release|Any CPU = Release|Any CPU
	EndGlobalSection
	GlobalSection(ProjectConfigurationPlatforms) = postSolution
		{16080AD6-DB1F-42C3-8EE9-7BAA7BD0ABEE}.Debug|Any CPU.ActiveCfg = Debug|Any CPU
		{16080AD6-DB1F-42C3-8EE9-7BAA7BD0ABEE}.Debug|Any CPU.Build.0 = Debug|Any CPU
		{16080AD6-DB1F-42C3-8EE9-7BAA7BD0ABEE}.Release|Any CPU.ActiveCfg = Release|Any CPU
		{16080AD6-DB1F-42C3-8EE9-7BAA7BD0ABEE}.Release|Any CPU.Build.0 = Release|Any CPU
	EndGlobalSection
	GlobalSection(SolutionProperties) = preSolution
		HideSolutionNode = FALSE
	EndGlobalSection
	GlobalSection(ExtensibilityGlobals) = postSolution
		SolutionGuid = {2E782F51-C9FC-4C72-8A47-F0B7026D2D6C}
	EndGlobalSection
EndGlobal
