
Microsoft Visual Studio Solution File, Format Version 12.00
# Visual Studio Version 17
VisualStudioVersion = 17.4.33103.184
MinimumVisualStudioVersion = 10.0.40219.1
Project("{FAE04EC0-301F-11D3-BF4B-00C04F79EFBC}") = "HOICWeb", "HOICWeb.csproj", "{76B572B9-30E6-4823-A49E-8BD1D16CFB13}"
EndProject
Global
	GlobalSection(SolutionConfigurationPlatforms) = preSolution
		Debug|Any CPU = Debug|Any CPU
		Release|Any CPU = Release|Any CPU
	EndGlobalSection
	GlobalSection(ProjectConfigurationPlatforms) = postSolution
		{76B572B9-30E6-4823-A49E-8BD1D16CFB13}.Debug|Any CPU.ActiveCfg = Debug|Any CPU
		{76B572B9-30E6-4823-A49E-8BD1D16CFB13}.Debug|Any CPU.Build.0 = Debug|Any CPU
		{76B572B9-30E6-4823-A49E-8BD1D16CFB13}.Release|Any CPU.ActiveCfg = Release|Any CPU
		{76B572B9-30E6-4823-A49E-8BD1D16CFB13}.Release|Any CPU.Build.0 = Release|Any CPU
	EndGlobalSection
	GlobalSection(SolutionProperties) = preSolution
		HideSolutionNode = FALSE
	EndGlobalSection
	GlobalSection(ExtensibilityGlobals) = postSolution
		SolutionGuid = {0D3F3C85-4935-48DD-B7DD-0A3AE357BE92}
	EndGlobalSection
EndGlobal
