
Microsoft Visual Studio Solution File, Format Version 12.00
# Visual Studio Version 16
VisualStudioVersion = 16.0.31313.79
MinimumVisualStudioVersion = 10.0.40219.1
Project("{9A19103F-16F7-4668-BE54-9A1E7A4F7556}") = "prescup3-b04-cs1", "prescup3-b04-cs1.csproj", "{94EDAEB3-3066-4EEB-8705-0FE88075A64D}"
EndProject
Global
	GlobalSection(SolutionConfigurationPlatforms) = preSolution
		Debug|Any CPU = Debug|Any CPU
		Release|Any CPU = Release|Any CPU
	EndGlobalSection
	GlobalSection(ProjectConfigurationPlatforms) = postSolution
		{94EDAEB3-3066-4EEB-8705-0FE88075A64D}.Debug|Any CPU.ActiveCfg = Debug|Any CPU
		{94EDAEB3-3066-4EEB-8705-0FE88075A64D}.Debug|Any CPU.Build.0 = Debug|Any CPU
		{94EDAEB3-3066-4EEB-8705-0FE88075A64D}.Release|Any CPU.ActiveCfg = Release|Any CPU
		{94EDAEB3-3066-4EEB-8705-0FE88075A64D}.Release|Any CPU.Build.0 = Release|Any CPU
	EndGlobalSection
	GlobalSection(SolutionProperties) = preSolution
		HideSolutionNode = FALSE
	EndGlobalSection
	GlobalSection(ExtensibilityGlobals) = postSolution
		SolutionGuid = {14C6926B-7046-4AB9-A004-732A09161DA5}
	EndGlobalSection
EndGlobal
