
Microsoft Visual Studio Solution File, Format Version 12.00
# Visual Studio Version 17
VisualStudioVersion = 17.2.32602.215
MinimumVisualStudioVersion = 10.0.40219.1
Project("{FAE04EC0-301F-11D3-BF4B-00C04F79EFBC}") = "EncryptString", "EncryptString.csproj", "{EF368B91-9487-4BE0-BAE9-6E2C238966DB}"
EndProject
Global
	GlobalSection(SolutionConfigurationPlatforms) = preSolution
		Debug|Any CPU = Debug|Any CPU
		Release|Any CPU = Release|Any CPU
	EndGlobalSection
	GlobalSection(ProjectConfigurationPlatforms) = postSolution
		{EF368B91-9487-4BE0-BAE9-6E2C238966DB}.Debug|Any CPU.ActiveCfg = Debug|Any CPU
		{EF368B91-9487-4BE0-BAE9-6E2C238966DB}.Debug|Any CPU.Build.0 = Debug|Any CPU
		{EF368B91-9487-4BE0-BAE9-6E2C238966DB}.Release|Any CPU.ActiveCfg = Release|Any CPU
		{EF368B91-9487-4BE0-BAE9-6E2C238966DB}.Release|Any CPU.Build.0 = Release|Any CPU
	EndGlobalSection
	GlobalSection(SolutionProperties) = preSolution
		HideSolutionNode = FALSE
	EndGlobalSection
	GlobalSection(ExtensibilityGlobals) = postSolution
		SolutionGuid = {35F4861D-804F-4C93-8A43-DF4CC685383A}
	EndGlobalSection
EndGlobal
